// !$*UTF8*$!
{
	archiveVersion = 1;
	classes = {
	};
	objectVersion = 55;
	objects = {

/* Begin PBXBuildFile section */
		1983CD2EF928747F022E2C51 /* Pods_Flixx.framework in Frameworks */ = {isa = PBXBuildFile; fileRef = 378F91656316F426DA7470F7 /* Pods_Flixx.framework */; };
		2A349EFC125D16FBBAE15F9F /* Pods_Flixx_FlixxUITests.framework in Frameworks */ = {isa = PBXBuildFile; fileRef = 2B5C92A58E0AF1ECB152D7A1 /* Pods_Flixx_FlixxUITests.framework */; };
		8FBB7F4E27C9B13000ADD10A /* MovieCell.swift in Sources */ = {isa = PBXBuildFile; fileRef = 8FBB7F4D27C9B13000ADD10A /* MovieCell.swift */; };
		8FBB7F5127C9CCF400ADD10A /* AlamofireImage in Frameworks */ = {isa = PBXBuildFile; productRef = 8FBB7F5027C9CCF400ADD10A /* AlamofireImage */; };
		8FC01AC627C8911400BB4C8B /* AppDelegate.swift in Sources */ = {isa = PBXBuildFile; fileRef = 8FC01AC527C8911400BB4C8B /* AppDelegate.swift */; };
		8FC01AC827C8911400BB4C8B /* SceneDelegate.swift in Sources */ = {isa = PBXBuildFile; fileRef = 8FC01AC727C8911400BB4C8B /* SceneDelegate.swift */; };
		8FC01ACD27C8911400BB4C8B /* Main.storyboard in Resources */ = {isa = PBXBuildFile; fileRef = 8FC01ACB27C8911400BB4C8B /* Main.storyboard */; };
		8FC01ACF27C8911600BB4C8B /* Assets.xcassets in Resources */ = {isa = PBXBuildFile; fileRef = 8FC01ACE27C8911600BB4C8B /* Assets.xcassets */; };
		8FC01AD227C8911600BB4C8B /* LaunchScreen.storyboard in Resources */ = {isa = PBXBuildFile; fileRef = 8FC01AD027C8911600BB4C8B /* LaunchScreen.storyboard */; };
		8FC01ADD27C8911700BB4C8B /* FlixxTests.swift in Sources */ = {isa = PBXBuildFile; fileRef = 8FC01ADC27C8911700BB4C8B /* FlixxTests.swift */; };
		8FC01AE727C8911700BB4C8B /* FlixxUITests.swift in Sources */ = {isa = PBXBuildFile; fileRef = 8FC01AE627C8911700BB4C8B /* FlixxUITests.swift */; };
		8FC01AE927C8911700BB4C8B /* FlixxUITestsLaunchTests.swift in Sources */ = {isa = PBXBuildFile; fileRef = 8FC01AE827C8911700BB4C8B /* FlixxUITestsLaunchTests.swift */; };
		8FC01AF627C8AA9800BB4C8B /* MoviesViewController.swift in Sources */ = {isa = PBXBuildFile; fileRef = 8FC01AF527C8AA9800BB4C8B /* MoviesViewController.swift */; };
		FCAF178A210160E1390A5555 /* Pods_FlixxTests.framework in Frameworks */ = {isa = PBXBuildFile; fileRef = 28C8942E24142F4BECDB8E8F /* Pods_FlixxTests.framework */; };
/* End PBXBuildFile section */

/* Begin PBXContainerItemProxy section */
		8FC01AD927C8911700BB4C8B /* PBXContainerItemProxy */ = {
			isa = PBXContainerItemProxy;
			containerPortal = 8FC01ABA27C8911400BB4C8B /* Project object */;
			proxyType = 1;
			remoteGlobalIDString = 8FC01AC127C8911400BB4C8B;
			remoteInfo = Flixx;
		};
		8FC01AE327C8911700BB4C8B /* PBXContainerItemProxy */ = {
			isa = PBXContainerItemProxy;
			containerPortal = 8FC01ABA27C8911400BB4C8B /* Project object */;
			proxyType = 1;
			remoteGlobalIDString = 8FC01AC127C8911400BB4C8B;
			remoteInfo = Flixx;
		};
/* End PBXContainerItemProxy section */

/* Begin PBXFileReference section */
		28C8942E24142F4BECDB8E8F /* Pods_FlixxTests.framework */ = {isa = PBXFileReference; explicitFileType = wrapper.framework; includeInIndex = 0; path = Pods_FlixxTests.framework; sourceTree = BUILT_PRODUCTS_DIR; };
		2B5C92A58E0AF1ECB152D7A1 /* Pods_Flixx_FlixxUITests.framework */ = {isa = PBXFileReference; explicitFileType = wrapper.framework; includeInIndex = 0; path = Pods_Flixx_FlixxUITests.framework; sourceTree = BUILT_PRODUCTS_DIR; };
		2CB06CD13E3E16BBEAE1634F /* Pods-Flixx-FlixxUITests.release.xcconfig */ = {isa = PBXFileReference; includeInIndex = 1; lastKnownFileType = text.xcconfig; name = "Pods-Flixx-FlixxUITests.release.xcconfig"; path = "Target Support Files/Pods-Flixx-FlixxUITests/Pods-Flixx-FlixxUITests.release.xcconfig"; sourceTree = "<group>"; };
		378F91656316F426DA7470F7 /* Pods_Flixx.framework */ = {isa = PBXFileReference; explicitFileType = wrapper.framework; includeInIndex = 0; path = Pods_Flixx.framework; sourceTree = BUILT_PRODUCTS_DIR; };
		3BEB9D24E70D9BBA76D2AB38 /* Pods-Flixx-FlixxUITests.debug.xcconfig */ = {isa = PBXFileReference; includeInIndex = 1; lastKnownFileType = text.xcconfig; name = "Pods-Flixx-FlixxUITests.debug.xcconfig"; path = "Target Support Files/Pods-Flixx-FlixxUITests/Pods-Flixx-FlixxUITests.debug.xcconfig"; sourceTree = "<group>"; };
		519E17FE0C66BA25C35755EE /* Pods-Flixx.release.xcconfig */ = {isa = PBXFileReference; includeInIndex = 1; lastKnownFileType = text.xcconfig; name = "Pods-Flixx.release.xcconfig"; path = "Target Support Files/Pods-Flixx/Pods-Flixx.release.xcconfig"; sourceTree = "<group>"; };
		8FBB7F4D27C9B13000ADD10A /* MovieCell.swift */ = {isa = PBXFileReference; lastKnownFileType = sourcecode.swift; path = MovieCell.swift; sourceTree = "<group>"; };
		8FC01AC227C8911400BB4C8B /* Flixx.app */ = {isa = PBXFileReference; explicitFileType = wrapper.application; includeInIndex = 0; path = Flixx.app; sourceTree = BUILT_PRODUCTS_DIR; };
		8FC01AC527C8911400BB4C8B /* AppDelegate.swift */ = {isa = PBXFileReference; lastKnownFileType = sourcecode.swift; path = AppDelegate.swift; sourceTree = "<group>"; };
		8FC01AC727C8911400BB4C8B /* SceneDelegate.swift */ = {isa = PBXFileReference; lastKnownFileType = sourcecode.swift; path = SceneDelegate.swift; sourceTree = "<group>"; };
		8FC01ACC27C8911400BB4C8B /* Base */ = {isa = PBXFileReference; lastKnownFileType = file.storyboard; name = Base; path = Base.lproj/Main.storyboard; sourceTree = "<group>"; };
		8FC01ACE27C8911600BB4C8B /* Assets.xcassets */ = {isa = PBXFileReference; lastKnownFileType = folder.assetcatalog; path = Assets.xcassets; sourceTree = "<group>"; };
		8FC01AD127C8911600BB4C8B /* Base */ = {isa = PBXFileReference; lastKnownFileType = file.storyboard; name = Base; path = Base.lproj/LaunchScreen.storyboard; sourceTree = "<group>"; };
		8FC01AD327C8911600BB4C8B /* Info.plist */ = {isa = PBXFileReference; lastKnownFileType = text.plist.xml; path = Info.plist; sourceTree = "<group>"; };
		8FC01AD827C8911700BB4C8B /* FlixxTests.xctest */ = {isa = PBXFileReference; explicitFileType = wrapper.cfbundle; includeInIndex = 0; path = FlixxTests.xctest; sourceTree = BUILT_PRODUCTS_DIR; };
		8FC01ADC27C8911700BB4C8B /* FlixxTests.swift */ = {isa = PBXFileReference; lastKnownFileType = sourcecode.swift; path = FlixxTests.swift; sourceTree = "<group>"; };
		8FC01AE227C8911700BB4C8B /* FlixxUITests.xctest */ = {isa = PBXFileReference; explicitFileType = wrapper.cfbundle; includeInIndex = 0; path = FlixxUITests.xctest; sourceTree = BUILT_PRODUCTS_DIR; };
		8FC01AE627C8911700BB4C8B /* FlixxUITests.swift */ = {isa = PBXFileReference; lastKnownFileType = sourcecode.swift; path = FlixxUITests.swift; sourceTree = "<group>"; };
		8FC01AE827C8911700BB4C8B /* FlixxUITestsLaunchTests.swift */ = {isa = PBXFileReference; lastKnownFileType = sourcecode.swift; path = FlixxUITestsLaunchTests.swift; sourceTree = "<group>"; };
		8FC01AF527C8AA9800BB4C8B /* MoviesViewController.swift */ = {isa = PBXFileReference; lastKnownFileType = sourcecode.swift; path = MoviesViewController.swift; sourceTree = "<group>"; };
		BE4B74AC28F7DBDD253AAAA4 /* Pods-FlixxTests.release.xcconfig */ = {isa = PBXFileReference; includeInIndex = 1; lastKnownFileType = text.xcconfig; name = "Pods-FlixxTests.release.xcconfig"; path = "Target Support Files/Pods-FlixxTests/Pods-FlixxTests.release.xcconfig"; sourceTree = "<group>"; };
		E8741709D2158E33281847D4 /* Pods-Flixx.debug.xcconfig */ = {isa = PBXFileReference; includeInIndex = 1; lastKnownFileType = text.xcconfig; name = "Pods-Flixx.debug.xcconfig"; path = "Target Support Files/Pods-Flixx/Pods-Flixx.debug.xcconfig"; sourceTree = "<group>"; };
		F17D4BAECCBF57E2040E66B7 /* Pods-FlixxTests.debug.xcconfig */ = {isa = PBXFileReference; includeInIndex = 1; lastKnownFileType = text.xcconfig; name = "Pods-FlixxTests.debug.xcconfig"; path = "Target Support Files/Pods-FlixxTests/Pods-FlixxTests.debug.xcconfig"; sourceTree = "<group>"; };
/* End PBXFileReference section */

/* Begin PBXFrameworksBuildPhase section */
		8FC01ABF27C8911400BB4C8B /* Frameworks */ = {
			isa = PBXFrameworksBuildPhase;
			buildActionMask = 2147483647;
			files = (
				8FBB7F5127C9CCF400ADD10A /* AlamofireImage in Frameworks */,
				1983CD2EF928747F022E2C51 /* Pods_Flixx.framework in Frameworks */,
			);
			runOnlyForDeploymentPostprocessing = 0;
		};
		8FC01AD527C8911700BB4C8B /* Frameworks */ = {
			isa = PBXFrameworksBuildPhase;
			buildActionMask = 2147483647;
			files = (
				FCAF178A210160E1390A5555 /* Pods_FlixxTests.framework in Frameworks */,
			);
			runOnlyForDeploymentPostprocessing = 0;
		};
		8FC01ADF27C8911700BB4C8B /* Frameworks */ = {
			isa = PBXFrameworksBuildPhase;
			buildActionMask = 2147483647;
			files = (
				2A349EFC125D16FBBAE15F9F /* Pods_Flixx_FlixxUITests.framework in Frameworks */,
			);
			runOnlyForDeploymentPostprocessing = 0;
		};
/* End PBXFrameworksBuildPhase section */

/* Begin PBXGroup section */
		2DD1AB052607C03E30232DEC /* Frameworks */ = {
			isa = PBXGroup;
			children = (
				378F91656316F426DA7470F7 /* Pods_Flixx.framework */,
				2B5C92A58E0AF1ECB152D7A1 /* Pods_Flixx_FlixxUITests.framework */,
				28C8942E24142F4BECDB8E8F /* Pods_FlixxTests.framework */,
			);
			name = Frameworks;
			sourceTree = "<group>";
		};
		6BE9251ABFF8840BD46B9D7A /* Pods */ = {
			isa = PBXGroup;
			children = (
				E8741709D2158E33281847D4 /* Pods-Flixx.debug.xcconfig */,
				519E17FE0C66BA25C35755EE /* Pods-Flixx.release.xcconfig */,
				3BEB9D24E70D9BBA76D2AB38 /* Pods-Flixx-FlixxUITests.debug.xcconfig */,
				2CB06CD13E3E16BBEAE1634F /* Pods-Flixx-FlixxUITests.release.xcconfig */,
				F17D4BAECCBF57E2040E66B7 /* Pods-FlixxTests.debug.xcconfig */,
				BE4B74AC28F7DBDD253AAAA4 /* Pods-FlixxTests.release.xcconfig */,
			);
			name = Pods;
			path = Pods;
			sourceTree = "<group>";
		};
		8FC01AB927C8911400BB4C8B = {
			isa = PBXGroup;
			children = (
				8FC01AC427C8911400BB4C8B /* Flixx */,
				8FC01ADB27C8911700BB4C8B /* FlixxTests */,
				8FC01AE527C8911700BB4C8B /* FlixxUITests */,
				8FC01AC327C8911400BB4C8B /* Products */,
				6BE9251ABFF8840BD46B9D7A /* Pods */,
				2DD1AB052607C03E30232DEC /* Frameworks */,
			);
			sourceTree = "<group>";
		};
		8FC01AC327C8911400BB4C8B /* Products */ = {
			isa = PBXGroup;
			children = (
				8FC01AC227C8911400BB4C8B /* Flixx.app */,
				8FC01AD827C8911700BB4C8B /* FlixxTests.xctest */,
				8FC01AE227C8911700BB4C8B /* FlixxUITests.xctest */,
			);
			name = Products;
			sourceTree = "<group>";
		};
		8FC01AC427C8911400BB4C8B /* Flixx */ = {
			isa = PBXGroup;
			children = (
				8FC01AC527C8911400BB4C8B /* AppDelegate.swift */,
				8FC01AC727C8911400BB4C8B /* SceneDelegate.swift */,
				8FC01ACB27C8911400BB4C8B /* Main.storyboard */,
				8FC01ACE27C8911600BB4C8B /* Assets.xcassets */,
				8FC01AD027C8911600BB4C8B /* LaunchScreen.storyboard */,
				8FC01AD327C8911600BB4C8B /* Info.plist */,
				8FBB7F4D27C9B13000ADD10A /* MovieCell.swift */,
				8FC01AF527C8AA9800BB4C8B /* MoviesViewController.swift */,
			);
			path = Flixx;
			sourceTree = "<group>";
		};
		8FC01ADB27C8911700BB4C8B /* FlixxTests */ = {
			isa = PBXGroup;
			children = (
				8FC01ADC27C8911700BB4C8B /* FlixxTests.swift */,
			);
			path = FlixxTests;
			sourceTree = "<group>";
		};
		8FC01AE527C8911700BB4C8B /* FlixxUITests */ = {
			isa = PBXGroup;
			children = (
				8FC01AE627C8911700BB4C8B /* FlixxUITests.swift */,
				8FC01AE827C8911700BB4C8B /* FlixxUITestsLaunchTests.swift */,
			);
			path = FlixxUITests;
			sourceTree = "<group>";
		};
/* End PBXGroup section */

/* Begin PBXNativeTarget section */
		8FC01AC127C8911400BB4C8B /* Flixx */ = {
			isa = PBXNativeTarget;
			buildConfigurationList = 8FC01AEC27C8911700BB4C8B /* Build configuration list for PBXNativeTarget "Flixx" */;
			buildPhases = (
				32DF8221C5C5042A34CC65AB /* [CP] Check Pods Manifest.lock */,
				8FC01ABE27C8911400BB4C8B /* Sources */,
				8FC01ABF27C8911400BB4C8B /* Frameworks */,
				8FC01AC027C8911400BB4C8B /* Resources */,
				AC06688D8AB489862D9F8250 /* [CP] Embed Pods Frameworks */,
			);
			buildRules = (
			);
			dependencies = (
			);
			name = Flixx;
			packageProductDependencies = (
				8FBB7F5027C9CCF400ADD10A /* AlamofireImage */,
			);
			productName = Flixx;
			productReference = 8FC01AC227C8911400BB4C8B /* Flixx.app */;
			productType = "com.apple.product-type.application";
		};
		8FC01AD727C8911700BB4C8B /* FlixxTests */ = {
			isa = PBXNativeTarget;
			buildConfigurationList = 8FC01AEF27C8911700BB4C8B /* Build configuration list for PBXNativeTarget "FlixxTests" */;
			buildPhases = (
				5129417B2870DC4EEFAA1829 /* [CP] Check Pods Manifest.lock */,
				8FC01AD427C8911700BB4C8B /* Sources */,
				8FC01AD527C8911700BB4C8B /* Frameworks */,
				8FC01AD627C8911700BB4C8B /* Resources */,
			);
			buildRules = (
			);
			dependencies = (
				8FC01ADA27C8911700BB4C8B /* PBXTargetDependency */,
			);
			name = FlixxTests;
			productName = FlixxTests;
			productReference = 8FC01AD827C8911700BB4C8B /* FlixxTests.xctest */;
			productType = "com.apple.product-type.bundle.unit-test";
		};
		8FC01AE127C8911700BB4C8B /* FlixxUITests */ = {
			isa = PBXNativeTarget;
			buildConfigurationList = 8FC01AF227C8911700BB4C8B /* Build configuration list for PBXNativeTarget "FlixxUITests" */;
			buildPhases = (
				F19191E7B563E9F9F6C39DFC /* [CP] Check Pods Manifest.lock */,
				8FC01ADE27C8911700BB4C8B /* Sources */,
				8FC01ADF27C8911700BB4C8B /* Frameworks */,
				8FC01AE027C8911700BB4C8B /* Resources */,
				7E33C4045DEC291E07FD375D /* [CP] Embed Pods Frameworks */,
			);
			buildRules = (
			);
			dependencies = (
				8FC01AE427C8911700BB4C8B /* PBXTargetDependency */,
			);
			name = FlixxUITests;
			productName = FlixxUITests;
			productReference = 8FC01AE227C8911700BB4C8B /* FlixxUITests.xctest */;
			productType = "com.apple.product-type.bundle.ui-testing";
		};
/* End PBXNativeTarget section */

/* Begin PBXProject section */
		8FC01ABA27C8911400BB4C8B /* Project object */ = {
			isa = PBXProject;
			attributes = {
				BuildIndependentTargetsInParallel = 1;
				LastSwiftUpdateCheck = 1320;
				LastUpgradeCheck = 1320;
				TargetAttributes = {
					8FC01AC127C8911400BB4C8B = {
						CreatedOnToolsVersion = 13.2.1;
					};
					8FC01AD727C8911700BB4C8B = {
						CreatedOnToolsVersion = 13.2.1;
						TestTargetID = 8FC01AC127C8911400BB4C8B;
					};
					8FC01AE127C8911700BB4C8B = {
						CreatedOnToolsVersion = 13.2.1;
						TestTargetID = 8FC01AC127C8911400BB4C8B;
					};
				};
			};
			buildConfigurationList = 8FC01ABD27C8911400BB4C8B /* Build configuration list for PBXProject "Flixx" */;
			compatibilityVersion = "Xcode 13.0";
			developmentRegion = en;
			hasScannedForEncodings = 0;
			knownRegions = (
				en,
				Base,
			);
			mainGroup = 8FC01AB927C8911400BB4C8B;
			packageReferences = (
				8FBB7F4F27C9CCF400ADD10A /* XCRemoteSwiftPackageReference "AlamofireImage" */,
			);
			productRefGroup = 8FC01AC327C8911400BB4C8B /* Products */;
			projectDirPath = "";
			projectRoot = "";
			targets = (
				8FC01AC127C8911400BB4C8B /* Flixx */,
				8FC01AD727C8911700BB4C8B /* FlixxTests */,
				8FC01AE127C8911700BB4C8B /* FlixxUITests */,
			);
		};
/* End PBXProject section */

/* Begin PBXResourcesBuildPhase section */
		8FC01AC027C8911400BB4C8B /* Resources */ = {
			isa = PBXResourcesBuildPhase;
			buildActionMask = 2147483647;
			files = (
				8FC01AD227C8911600BB4C8B /* LaunchScreen.storyboard in Resources */,
				8FC01ACF27C8911600BB4C8B /* Assets.xcassets in Resources */,
				8FC01ACD27C8911400BB4C8B /* Main.storyboard in Resources */,
			);
			runOnlyForDeploymentPostprocessing = 0;
		};
		8FC01AD627C8911700BB4C8B /* Resources */ = {
			isa = PBXResourcesBuildPhase;
			buildActionMask = 2147483647;
			files = (
			);
			runOnlyForDeploymentPostprocessing = 0;
		};
		8FC01AE027C8911700BB4C8B /* Resources */ = {
			isa = PBXResourcesBuildPhase;
			buildActionMask = 2147483647;
			files = (
			);
			runOnlyForDeploymentPostprocessing = 0;
		};
/* End PBXResourcesBuildPhase section */

/* Begin PBXShellScriptBuildPhase section */
		32DF8221C5C5042A34CC65AB /* [CP] Check Pods Manifest.lock */ = {
			isa = PBXShellScriptBuildPhase;
			buildActionMask = 2147483647;
			files = (
			);
			inputFileListPaths = (
			);
			inputPaths = (
				"${PODS_PODFILE_DIR_PATH}/Podfile.lock",
				"${PODS_ROOT}/Manifest.lock",
			);
			name = "[CP] Check Pods Manifest.lock";
			outputFileListPaths = (
			);
			outputPaths = (
				"$(DERIVED_FILE_DIR)/Pods-Flixx-checkManifestLockResult.txt",
			);
			runOnlyForDeploymentPostprocessing = 0;
			shellPath = /bin/sh;
			shellScript = "diff \"${PODS_PODFILE_DIR_PATH}/Podfile.lock\" \"${PODS_ROOT}/Manifest.lock\" > /dev/null\nif [ $? != 0 ] ; then\n    # print error to STDERR\n    echo \"error: The sandbox is not in sync with the Podfile.lock. Run 'pod install' or update your CocoaPods installation.\" >&2\n    exit 1\nfi\n# This output is used by Xcode 'outputs' to avoid re-running this script phase.\necho \"SUCCESS\" > \"${SCRIPT_OUTPUT_FILE_0}\"\n";
			showEnvVarsInLog = 0;
		};
		5129417B2870DC4EEFAA1829 /* [CP] Check Pods Manifest.lock */ = {
			isa = PBXShellScriptBuildPhase;
			buildActionMask = 2147483647;
			files = (
			);
			inputFileListPaths = (
			);
			inputPaths = (
				"${PODS_PODFILE_DIR_PATH}/Podfile.lock",
				"${PODS_ROOT}/Manifest.lock",
			);
			name = "[CP] Check Pods Manifest.lock";
			outputFileListPaths = (
			);
			outputPaths = (
				"$(DERIVED_FILE_DIR)/Pods-FlixxTests-checkManifestLockResult.txt",
			);
			runOnlyForDeploymentPostprocessing = 0;
			shellPath = /bin/sh;
			shellScript = "diff \"${PODS_PODFILE_DIR_PATH}/Podfile.lock\" \"${PODS_ROOT}/Manifest.lock\" > /dev/null\nif [ $? != 0 ] ; then\n    # print error to STDERR\n    echo \"error: The sandbox is not in sync with the Podfile.lock. Run 'pod install' or update your CocoaPods installation.\" >&2\n    exit 1\nfi\n# This output is used by Xcode 'outputs' to avoid re-running this script phase.\necho \"SUCCESS\" > \"${SCRIPT_OUTPUT_FILE_0}\"\n";
			showEnvVarsInLog = 0;
		};
		7E33C4045DEC291E07FD375D /* [CP] Embed Pods Frameworks */ = {
			isa = PBXShellScriptBuildPhase;
			buildActionMask = 2147483647;
			files = (
			);
			inputFileListPaths = (
				"${PODS_ROOT}/Target Support Files/Pods-Flixx-FlixxUITests/Pods-Flixx-FlixxUITests-frameworks-${CONFIGURATION}-input-files.xcfilelist",
			);
			name = "[CP] Embed Pods Frameworks";
			outputFileListPaths = (
				"${PODS_ROOT}/Target Support Files/Pods-Flixx-FlixxUITests/Pods-Flixx-FlixxUITests-frameworks-${CONFIGURATION}-output-files.xcfilelist",
			);
			runOnlyForDeploymentPostprocessing = 0;
			shellPath = /bin/sh;
			shellScript = "\"${PODS_ROOT}/Target Support Files/Pods-Flixx-FlixxUITests/Pods-Flixx-FlixxUITests-frameworks.sh\"\n";
			showEnvVarsInLog = 0;
		};
		AC06688D8AB489862D9F8250 /* [CP] Embed Pods Frameworks */ = {
			isa = PBXShellScriptBuildPhase;
			buildActionMask = 2147483647;
			files = (
			);
			inputFileListPaths = (
				"${PODS_ROOT}/Target Support Files/Pods-Flixx/Pods-Flixx-frameworks-${CONFIGURATION}-input-files.xcfilelist",
			);
			name = "[CP] Embed Pods Frameworks";
			outputFileListPaths = (
				"${PODS_ROOT}/Target Support Files/Pods-Flixx/Pods-Flixx-frameworks-${CONFIGURATION}-output-files.xcfilelist",
			);
			runOnlyForDeploymentPostprocessing = 0;
			shellPath = /bin/sh;
			shellScript = "\"${PODS_ROOT}/Target Support Files/Pods-Flixx/Pods-Flixx-frameworks.sh\"\n";
			showEnvVarsInLog = 0;
		};
		F19191E7B563E9F9F6C39DFC /* [CP] Check Pods Manifest.lock */ = {
			isa = PBXShellScriptBuildPhase;
			buildActionMask = 2147483647;
			files = (
			);
			inputFileListPaths = (
			);
			inputPaths = (
				"${PODS_PODFILE_DIR_PATH}/Podfile.lock",
				"${PODS_ROOT}/Manifest.lock",
			);
			name = "[CP] Check Pods Manifest.lock";
			outputFileListPaths = (
			);
			outputPaths = (
				"$(DERIVED_FILE_DIR)/Pods-Flixx-FlixxUITests-checkManifestLockResult.txt",
			);
			runOnlyForDeploymentPostprocessing = 0;
			shellPath = /bin/sh;
			shellScript = "diff \"${PODS_PODFILE_DIR_PATH}/Podfile.lock\" \"${PODS_ROOT}/Manifest.lock\" > /dev/null\nif [ $? != 0 ] ; then\n    # print error to STDERR\n    echo \"error: The sandbox is not in sync with the Podfile.lock. Run 'pod install' or update your CocoaPods installation.\" >&2\n    exit 1\nfi\n# This output is used by Xcode 'outputs' to avoid re-running this script phase.\necho \"SUCCESS\" > \"${SCRIPT_OUTPUT_FILE_0}\"\n";
			showEnvVarsInLog = 0;
		};
/* End PBXShellScriptBuildPhase section */

/* Begin PBXSourcesBuildPhase section */
		8FC01ABE27C8911400BB4C8B /* Sources */ = {
			isa = PBXSourcesBuildPhase;
			buildActionMask = 2147483647;
			files = (
				8FC01AC627C8911400BB4C8B /* AppDelegate.swift in Sources */,
				8FC01AC827C8911400BB4C8B /* SceneDelegate.swift in Sources */,
				8FBB7F4E27C9B13000ADD10A /* MovieCell.swift in Sources */,
				8FC01AF627C8AA9800BB4C8B /* MoviesViewController.swift in Sources */,
			);
			runOnlyForDeploymentPostprocessing = 0;
		};
		8FC01AD427C8911700BB4C8B /* Sources */ = {
			isa = PBXSourcesBuildPhase;
			buildActionMask = 2147483647;
			files = (
				8FC01ADD27C8911700BB4C8B /* FlixxTests.swift in Sources */,
			);
			runOnlyForDeploymentPostprocessing = 0;
		};
		8FC01ADE27C8911700BB4C8B /* Sources */ = {
			isa = PBXSourcesBuildPhase;
			buildActionMask = 2147483647;
			files = (
				8FC01AE927C8911700BB4C8B /* FlixxUITestsLaunchTests.swift in Sources */,
				8FC01AE727C8911700BB4C8B /* FlixxUITests.swift in Sources */,
			);
			runOnlyForDeploymentPostprocessing = 0;
		};
/* End PBXSourcesBuildPhase section */

/* Begin PBXTargetDependency section */
		8FC01ADA27C8911700BB4C8B /* PBXTargetDependency */ = {
			isa = PBXTargetDependency;
			target = 8FC01AC127C8911400BB4C8B /* Flixx */;
			targetProxy = 8FC01AD927C8911700BB4C8B /* PBXContainerItemProxy */;
		};
		8FC01AE427C8911700BB4C8B /* PBXTargetDependency */ = {
			isa = PBXTargetDependency;
			target = 8FC01AC127C8911400BB4C8B /* Flixx */;
			targetProxy = 8FC01AE327C8911700BB4C8B /* PBXContainerItemProxy */;
		};
/* End PBXTargetDependency section */

/* Begin PBXVariantGroup section */
		8FC01ACB27C8911400BB4C8B /* Main.storyboard */ = {
			isa = PBXVariantGroup;
			children = (
				8FC01ACC27C8911400BB4C8B /* Base */,
			);
			name = Main.storyboard;
			sourceTree = "<group>";
		};
		8FC01AD027C8911600BB4C8B /* LaunchScreen.storyboard */ = {
			isa = PBXVariantGroup;
			children = (
				8FC01AD127C8911600BB4C8B /* Base */,
			);
			name = LaunchScreen.storyboard;
			sourceTree = "<group>";
		};
/* End PBXVariantGroup section */

/* Begin XCBuildConfiguration section */
		8FC01AEA27C8911700BB4C8B /* Debug */ = {
			isa = XCBuildConfiguration;
			buildSettings = {
				ALWAYS_SEARCH_USER_PATHS = NO;
				CLANG_ANALYZER_NONNULL = YES;
				CLANG_ANALYZER_NUMBER_OBJECT_CONVERSION = YES_AGGRESSIVE;
				CLANG_CXX_LANGUAGE_STANDARD = "gnu++17";
				CLANG_CXX_LIBRARY = "libc++";
				CLANG_ENABLE_MODULES = YES;
				CLANG_ENABLE_OBJC_ARC = YES;
				CLANG_ENABLE_OBJC_WEAK = YES;
				CLANG_WARN_BLOCK_CAPTURE_AUTORELEASING = YES;
				CLANG_WARN_BOOL_CONVERSION = YES;
				CLANG_WARN_COMMA = YES;
				CLANG_WARN_CONSTANT_CONVERSION = YES;
				CLANG_WARN_DEPRECATED_OBJC_IMPLEMENTATIONS = YES;
				CLANG_WARN_DIRECT_OBJC_ISA_USAGE = YES_ERROR;
				CLANG_WARN_DOCUMENTATION_COMMENTS = YES;
				CLANG_WARN_EMPTY_BODY = YES;
				CLANG_WARN_ENUM_CONVERSION = YES;
				CLANG_WARN_INFINITE_RECURSION = YES;
				CLANG_WARN_INT_CONVERSION = YES;
				CLANG_WARN_NON_LITERAL_NULL_CONVERSION = YES;
				CLANG_WARN_OBJC_IMPLICIT_RETAIN_SELF = YES;
				CLANG_WARN_OBJC_LITERAL_CONVERSION = YES;
				CLANG_WARN_OBJC_ROOT_CLASS = YES_ERROR;
				CLANG_WARN_QUOTED_INCLUDE_IN_FRAMEWORK_HEADER = YES;
				CLANG_WARN_RANGE_LOOP_ANALYSIS = YES;
				CLANG_WARN_STRICT_PROTOTYPES = YES;
				CLANG_WARN_SUSPICIOUS_MOVE = YES;
				CLANG_WARN_UNGUARDED_AVAILABILITY = YES_AGGRESSIVE;
				CLANG_WARN_UNREACHABLE_CODE = YES;
				CLANG_WARN__DUPLICATE_METHOD_MATCH = YES;
				COPY_PHASE_STRIP = NO;
				DEBUG_INFORMATION_FORMAT = dwarf;
				ENABLE_STRICT_OBJC_MSGSEND = YES;
				ENABLE_TESTABILITY = YES;
				GCC_C_LANGUAGE_STANDARD = gnu11;
				GCC_DYNAMIC_NO_PIC = NO;
				GCC_NO_COMMON_BLOCKS = YES;
				GCC_OPTIMIZATION_LEVEL = 0;
				GCC_PREPROCESSOR_DEFINITIONS = (
					"DEBUG=1",
					"$(inherited)",
				);
				GCC_WARN_64_TO_32_BIT_CONVERSION = YES;
				GCC_WARN_ABOUT_RETURN_TYPE = YES_ERROR;
				GCC_WARN_UNDECLARED_SELECTOR = YES;
				GCC_WARN_UNINITIALIZED_AUTOS = YES_AGGRESSIVE;
				GCC_WARN_UNUSED_FUNCTION = YES;
				GCC_WARN_UNUSED_VARIABLE = YES;
				IPHONEOS_DEPLOYMENT_TARGET = 15.2;
				MTL_ENABLE_DEBUG_INFO = INCLUDE_SOURCE;
				MTL_FAST_MATH = YES;
				ONLY_ACTIVE_ARCH = YES;
				SDKROOT = iphoneos;
				SWIFT_ACTIVE_COMPILATION_CONDITIONS = DEBUG;
				SWIFT_OPTIMIZATION_LEVEL = "-Onone";
			};
			name = Debug;
		};
		8FC01AEB27C8911700BB4C8B /* Release */ = {
			isa = XCBuildConfiguration;
			buildSettings = {
				ALWAYS_SEARCH_USER_PATHS = NO;
				CLANG_ANALYZER_NONNULL = YES;
				CLANG_ANALYZER_NUMBER_OBJECT_CONVERSION = YES_AGGRESSIVE;
				CLANG_CXX_LANGUAGE_STANDARD = "gnu++17";
				CLANG_CXX_LIBRARY = "libc++";
				CLANG_ENABLE_MODULES = YES;
				CLANG_ENABLE_OBJC_ARC = YES;
				CLANG_ENABLE_OBJC_WEAK = YES;
				CLANG_WARN_BLOCK_CAPTURE_AUTORELEASING = YES;
				CLANG_WARN_BOOL_CONVERSION = YES;
				CLANG_WARN_COMMA = YES;
				CLANG_WARN_CONSTANT_CONVERSION = YES;
				CLANG_WARN_DEPRECATED_OBJC_IMPLEMENTATIONS = YES;
				CLANG_WARN_DIRECT_OBJC_ISA_USAGE = YES_ERROR;
				CLANG_WARN_DOCUMENTATION_COMMENTS = YES;
				CLANG_WARN_EMPTY_BODY = YES;
				CLANG_WARN_ENUM_CONVERSION = YES;
				CLANG_WARN_INFINITE_RECURSION = YES;
				CLANG_WARN_INT_CONVERSION = YES;
				CLANG_WARN_NON_LITERAL_NULL_CONVERSION = YES;
				CLANG_WARN_OBJC_IMPLICIT_RETAIN_SELF = YES;
				CLANG_WARN_OBJC_LITERAL_CONVERSION = YES;
				CLANG_WARN_OBJC_ROOT_CLASS = YES_ERROR;
				CLANG_WARN_QUOTED_INCLUDE_IN_FRAMEWORK_HEADER = YES;
				CLANG_WARN_RANGE_LOOP_ANALYSIS = YES;
				CLANG_WARN_STRICT_PROTOTYPES = YES;
				CLANG_WARN_SUSPICIOUS_MOVE = YES;
				CLANG_WARN_UNGUARDED_AVAILABILITY = YES_AGGRESSIVE;
				CLANG_WARN_UNREACHABLE_CODE = YES;
				CLANG_WARN__DUPLICATE_METHOD_MATCH = YES;
				COPY_PHASE_STRIP = NO;
				DEBUG_INFORMATION_FORMAT = "dwarf-with-dsym";
				ENABLE_NS_ASSERTIONS = NO;
				ENABLE_STRICT_OBJC_MSGSEND = YES;
				GCC_C_LANGUAGE_STANDARD = gnu11;
				GCC_NO_COMMON_BLOCKS = YES;
				GCC_WARN_64_TO_32_BIT_CONVERSION = YES;
				GCC_WARN_ABOUT_RETURN_TYPE = YES_ERROR;
				GCC_WARN_UNDECLARED_SELECTOR = YES;
				GCC_WARN_UNINITIALIZED_AUTOS = YES_AGGRESSIVE;
				GCC_WARN_UNUSED_FUNCTION = YES;
				GCC_WARN_UNUSED_VARIABLE = YES;
				IPHONEOS_DEPLOYMENT_TARGET = 15.2;
				MTL_ENABLE_DEBUG_INFO = NO;
				MTL_FAST_MATH = YES;
				SDKROOT = iphoneos;
				SWIFT_COMPILATION_MODE = wholemodule;
				SWIFT_OPTIMIZATION_LEVEL = "-O";
				VALIDATE_PRODUCT = YES;
			};
			name = Release;
		};
		8FC01AED27C8911700BB4C8B /* Debug */ = {
			isa = XCBuildConfiguration;
			baseConfigurationReference = E8741709D2158E33281847D4 /* Pods-Flixx.debug.xcconfig */;
			buildSettings = {
				ASSETCATALOG_COMPILER_APPICON_NAME = AppIcon;
				ASSETCATALOG_COMPILER_GLOBAL_ACCENT_COLOR_NAME = AccentColor;
				ASSETCATALOG_COMPILER_INCLUDE_ALL_APPICON_ASSETS = YES;
				CODE_SIGN_STYLE = Automatic;
				CURRENT_PROJECT_VERSION = 1;
				DEVELOPMENT_TEAM = BFH2T56CB3;
				GENERATE_INFOPLIST_FILE = YES;
				INFOPLIST_FILE = Flixx/Info.plist;
				INFOPLIST_KEY_UIApplicationSupportsIndirectInputEvents = YES;
				INFOPLIST_KEY_UILaunchStoryboardName = LaunchScreen;
				INFOPLIST_KEY_UIMainStoryboardFile = Main;
				INFOPLIST_KEY_UISupportedInterfaceOrientations = "UIInterfaceOrientationPortrait UIInterfaceOrientationLandscapeLeft UIInterfaceOrientationLandscapeRight";
				INFOPLIST_KEY_UISupportedInterfaceOrientations_iPad = "UIInterfaceOrientationPortrait UIInterfaceOrientationPortraitUpsideDown UIInterfaceOrientationLandscapeLeft UIInterfaceOrientationLandscapeRight";
				INFOPLIST_KEY_UISupportedInterfaceOrientations_iPhone = "UIInterfaceOrientationPortrait UIInterfaceOrientationLandscapeLeft UIInterfaceOrientationLandscapeRight";
				LD_RUNPATH_SEARCH_PATHS = (
					"$(inherited)",
					"@executable_path/Frameworks",
				);
				MARKETING_VERSION = 1.0;
				PRODUCT_BUNDLE_IDENTIFIER = "com.p.s.victoria1405-gmail.com.Flixx";
				PRODUCT_NAME = "$(TARGET_NAME)";
				SWIFT_EMIT_LOC_STRINGS = YES;
				SWIFT_VERSION = 5.0;
				TARGETED_DEVICE_FAMILY = "1,2";
			};
			name = Debug;
		};
		8FC01AEE27C8911700BB4C8B /* Release */ = {
			isa = XCBuildConfiguration;
			baseConfigurationReference = 519E17FE0C66BA25C35755EE /* Pods-Flixx.release.xcconfig */;
			buildSettings = {
				ASSETCATALOG_COMPILER_APPICON_NAME = AppIcon;
				ASSETCATALOG_COMPILER_GLOBAL_ACCENT_COLOR_NAME = AccentColor;
				ASSETCATALOG_COMPILER_INCLUDE_ALL_APPICON_ASSETS = YES;
				CODE_SIGN_STYLE = Automatic;
				CURRENT_PROJECT_VERSION = 1;
				DEVELOPMENT_TEAM = BFH2T56CB3;
				GENERATE_INFOPLIST_FILE = YES;
				INFOPLIST_FILE = Flixx/Info.plist;
				INFOPLIST_KEY_UIApplicationSupportsIndirectInputEvents = YES;
				INFOPLIST_KEY_UILaunchStoryboardName = LaunchScreen;
				INFOPLIST_KEY_UIMainStoryboardFile = Main;
				INFOPLIST_KEY_UISupportedInterfaceOrientations = "UIInterfaceOrientationPortrait UIInterfaceOrientationLandscapeLeft UIInterfaceOrientationLandscapeRight";
				INFOPLIST_KEY_UISupportedInterfaceOrientations_iPad = "UIInterfaceOrientationPortrait UIInterfaceOrientationPortraitUpsideDown UIInterfaceOrientationLandscapeLeft UIInterfaceOrientationLandscapeRight";
				INFOPLIST_KEY_UISupportedInterfaceOrientations_iPhone = "UIInterfaceOrientationPortrait UIInterfaceOrientationLandscapeLeft UIInterfaceOrientationLandscapeRight";
				LD_RUNPATH_SEARCH_PATHS = (
					"$(inherited)",
					"@executable_path/Frameworks",
				);
				MARKETING_VERSION = 1.0;
				PRODUCT_BUNDLE_IDENTIFIER = "com.p.s.victoria1405-gmail.com.Flixx";
				PRODUCT_NAME = "$(TARGET_NAME)";
				SWIFT_EMIT_LOC_STRINGS = YES;
				SWIFT_VERSION = 5.0;
				TARGETED_DEVICE_FAMILY = "1,2";
			};
			name = Release;
		};
		8FC01AF027C8911700BB4C8B /* Debug */ = {
			isa = XCBuildConfiguration;
			baseConfigurationReference = F17D4BAECCBF57E2040E66B7 /* Pods-FlixxTests.debug.xcconfig */;
			buildSettings = {
				ALWAYS_EMBED_SWIFT_STANDARD_LIBRARIES = YES;
				BUNDLE_LOADER = "$(TEST_HOST)";
				CODE_SIGN_STYLE = Automatic;
				CURRENT_PROJECT_VERSION = 1;
				DEVELOPMENT_TEAM = BFH2T56CB3;
				GENERATE_INFOPLIST_FILE = YES;
				IPHONEOS_DEPLOYMENT_TARGET = 15.2;
				MARKETING_VERSION = 1.0;
				PRODUCT_BUNDLE_IDENTIFIER = "com.p.s.victoria1405-gmail.com.FlixxTests";
				PRODUCT_NAME = "$(TARGET_NAME)";
				SWIFT_EMIT_LOC_STRINGS = NO;
				SWIFT_VERSION = 5.0;
				TARGETED_DEVICE_FAMILY = "1,2";
				TEST_HOST = "$(BUILT_PRODUCTS_DIR)/Flixx.app/Flixx";
			};
			name = Debug;
		};
		8FC01AF127C8911700BB4C8B /* Release */ = {
			isa = XCBuildConfiguration;
			baseConfigurationReference = BE4B74AC28F7DBDD253AAAA4 /* Pods-FlixxTests.release.xcconfig */;
			buildSettings = {
				ALWAYS_EMBED_SWIFT_STANDARD_LIBRARIES = YES;
				BUNDLE_LOADER = "$(TEST_HOST)";
				CODE_SIGN_STYLE = Automatic;
				CURRENT_PROJECT_VERSION = 1;
				DEVELOPMENT_TEAM = BFH2T56CB3;
				GENERATE_INFOPLIST_FILE = YES;
				IPHONEOS_DEPLOYMENT_TARGET = 15.2;
				MARKETING_VERSION = 1.0;
				PRODUCT_BUNDLE_IDENTIFIER = "com.p.s.victoria1405-gmail.com.FlixxTests";
				PRODUCT_NAME = "$(TARGET_NAME)";
				SWIFT_EMIT_LOC_STRINGS = NO;
				SWIFT_VERSION = 5.0;
				TARGETED_DEVICE_FAMILY = "1,2";
				TEST_HOST = "$(BUILT_PRODUCTS_DIR)/Flixx.app/Flixx";
			};
			name = Release;
		};
		8FC01AF327C8911700BB4C8B /* Debug */ = {
			isa = XCBuildConfiguration;
			baseConfigurationReference = 3BEB9D24E70D9BBA76D2AB38 /* Pods-Flixx-FlixxUITests.debug.xcconfig */;
			buildSettings = {
				ALWAYS_EMBED_SWIFT_STANDARD_LIBRARIES = YES;
				CODE_SIGN_STYLE = Automatic;
				CURRENT_PROJECT_VERSION = 1;
				DEVELOPMENT_TEAM = BFH2T56CB3;
				GENERATE_INFOPLIST_FILE = YES;
				MARKETING_VERSION = 1.0;
				PRODUCT_BUNDLE_IDENTIFIER = "com.p.s.victoria1405-gmail.com.FlixxUITests";
				PRODUCT_NAME = "$(TARGET_NAME)";
				SWIFT_EMIT_LOC_STRINGS = NO;
				SWIFT_VERSION = 5.0;
				TARGETED_DEVICE_FAMILY = "1,2";
				TEST_TARGET_NAME = Flixx;
			};
			name = Debug;
		};
		8FC01AF427C8911700BB4C8B /* Release */ = {
			isa = XCBuildConfiguration;
			baseConfigurationReference = 2CB06CD13E3E16BBEAE1634F /* Pods-Flixx-FlixxUITests.release.xcconfig */;
			buildSettings = {
				ALWAYS_EMBED_SWIFT_STANDARD_LIBRARIES = YES;
				CODE_SIGN_STYLE = Automatic;
				CURRENT_PROJECT_VERSION = 1;
				DEVELOPMENT_TEAM = BFH2T56CB3;
				GENERATE_INFOPLIST_FILE = YES;
				MARKETING_VERSION = 1.0;
				PRODUCT_BUNDLE_IDENTIFIER = "com.p.s.victoria1405-gmail.com.FlixxUITests";
				PRODUCT_NAME = "$(TARGET_NAME)";
				SWIFT_EMIT_LOC_STRINGS = NO;
				SWIFT_VERSION = 5.0;
				TARGETED_DEVICE_FAMILY = "1,2";
				TEST_TARGET_NAME = Flixx;
			};
			name = Release;
		};
/* End XCBuildConfiguration section */

/* Begin XCConfigurationList section */
		8FC01ABD27C8911400BB4C8B /* Build configuration list for PBXProject "Flixx" */ = {
			isa = XCConfigurationList;
			buildConfigurations = (
				8FC01AEA27C8911700BB4C8B /* Debug */,
				8FC01AEB27C8911700BB4C8B /* Release */,
			);
			defaultConfigurationIsVisible = 0;
			defaultConfigurationName = Release;
		};
		8FC01AEC27C8911700BB4C8B /* Build configuration list for PBXNativeTarget "Flixx" */ = {
			isa = XCConfigurationList;
			buildConfigurations = (
				8FC01AED27C8911700BB4C8B /* Debug */,
				8FC01AEE27C8911700BB4C8B /* Release */,
			);
			defaultConfigurationIsVisible = 0;
			defaultConfigurationName = Release;
		};
		8FC01AEF27C8911700BB4C8B /* Build configuration list for PBXNativeTarget "FlixxTests" */ = {
			isa = XCConfigurationList;
			buildConfigurations = (
				8FC01AF027C8911700BB4C8B /* Debug */,
				8FC01AF127C8911700BB4C8B /* Release */,
			);
			defaultConfigurationIsVisible = 0;
			defaultConfigurationName = Release;
		};
		8FC01AF227C8911700BB4C8B /* Build configuration list for PBXNativeTarget "FlixxUITests" */ = {
			isa = XCConfigurationList;
			buildConfigurations = (
				8FC01AF327C8911700BB4C8B /* Debug */,
				8FC01AF427C8911700BB4C8B /* Release */,
			);
			defaultConfigurationIsVisible = 0;
			defaultConfigurationName = Release;
		};
/* End XCConfigurationList section */

/* Begin XCRemoteSwiftPackageReference section */
		8FBB7F4F27C9CCF400ADD10A /* XCRemoteSwiftPackageReference "AlamofireImage" */ = {
			isa = XCRemoteSwiftPackageReference;
			repositoryURL = "https://github.com/Alamofire/AlamofireImage";
			requirement = {
				kind = upToNextMajorVersion;
				minimumVersion = 4.0.0;
			};
		};
/* End XCRemoteSwiftPackageReference section */

/* Begin XCSwiftPackageProductDependency section */
		8FBB7F5027C9CCF400ADD10A /* AlamofireImage */ = {
			isa = XCSwiftPackageProductDependency;
			package = 8FBB7F4F27C9CCF400ADD10A /* XCRemoteSwiftPackageReference "AlamofireImage" */;
			productName = AlamofireImage;
		};
/* End XCSwiftPackageProductDependency section */
	};
	rootObject = 8FC01ABA27C8911400BB4C8B /* Project object */;
}
